
Microsoft Visual Studio Solution File, Format Version 12.00
# Visual Studio Version 16
VisualStudioVersion = 16.0.29806.167
MinimumVisualStudioVersion = 10.0.40219.1
Project("{9A19103F-16F7-4668-BE54-9A1E7A4F7556}") = "Growth.API", "Growth.API\Growth.API.csproj", "{28286E59-D43F-4F2E-A8CB-969FF03BEFA6}"
EndProject
Project("{9A19103F-16F7-4668-BE54-9A1E7A4F7556}") = "Growth.Models", "Growth.Models\Growth.Models.csproj", "{25E4BB83-776C-42AF-9133-74F76477F719}"
EndProject
Project("{9A19103F-16F7-4668-BE54-9A1E7A4F7556}") = "Growth.DAL", "Growth.DAL\Growth.DAL.csproj", "{E487FC78-2DDC-41D7-A4D4-89EFAD91E5B6}"
EndProject
Project("{9A19103F-16F7-4668-BE54-9A1E7A4F7556}") = "Growth.Repository", "Growth.Repository\Growth.Repository.csproj", "{8741100C-F79E-4FBF-B1FF-2B61B5750C29}"
EndProject
Project("{FAE04EC0-301F-11D3-BF4B-00C04F79EFBC}") = "UtilityLibrary", "UtilityLibrary\UtilityLibrary.csproj", "{54AC8CB9-744C-4575-9C2A-498FE4FD5834}"
EndProject
Global
	GlobalSection(SolutionConfigurationPlatforms) = preSolution
		Debug|Any CPU = Debug|Any CPU
		Release|Any CPU = Release|Any CPU
	EndGlobalSection
	GlobalSection(ProjectConfigurationPlatforms) = postSolution
		{28286E59-D43F-4F2E-A8CB-969FF03BEFA6}.Debug|Any CPU.ActiveCfg = Debug|Any CPU
		{28286E59-D43F-4F2E-A8CB-969FF03BEFA6}.Debug|Any CPU.Build.0 = Debug|Any CPU
		{28286E59-D43F-4F2E-A8CB-969FF03BEFA6}.Release|Any CPU.ActiveCfg = Release|Any CPU
		{28286E59-D43F-4F2E-A8CB-969FF03BEFA6}.Release|Any CPU.Build.0 = Release|Any CPU
		{25E4BB83-776C-42AF-9133-74F76477F719}.Debug|Any CPU.ActiveCfg = Debug|Any CPU
		{25E4BB83-776C-42AF-9133-74F76477F719}.Debug|Any CPU.Build.0 = Debug|Any CPU
		{25E4BB83-776C-42AF-9133-74F76477F719}.Release|Any CPU.ActiveCfg = Release|Any CPU
		{25E4BB83-776C-42AF-9133-74F76477F719}.Release|Any CPU.Build.0 = Release|Any CPU
		{E487FC78-2DDC-41D7-A4D4-89EFAD91E5B6}.Debug|Any CPU.ActiveCfg = Debug|Any CPU
		{E487FC78-2DDC-41D7-A4D4-89EFAD91E5B6}.Debug|Any CPU.Build.0 = Debug|Any CPU
		{E487FC78-2DDC-41D7-A4D4-89EFAD91E5B6}.Release|Any CPU.ActiveCfg = Release|Any CPU
		{E487FC78-2DDC-41D7-A4D4-89EFAD91E5B6}.Release|Any CPU.Build.0 = Release|Any CPU
		{8741100C-F79E-4FBF-B1FF-2B61B5750C29}.Debug|Any CPU.ActiveCfg = Debug|Any CPU
		{8741100C-F79E-4FBF-B1FF-2B61B5750C29}.Debug|Any CPU.Build.0 = Debug|Any CPU
		{8741100C-F79E-4FBF-B1FF-2B61B5750C29}.Release|Any CPU.ActiveCfg = Release|Any CPU
		{8741100C-F79E-4FBF-B1FF-2B61B5750C29}.Release|Any CPU.Build.0 = Release|Any CPU
		{54AC8CB9-744C-4575-9C2A-498FE4FD5834}.Debug|Any CPU.ActiveCfg = Debug|Any CPU
		{54AC8CB9-744C-4575-9C2A-498FE4FD5834}.Debug|Any CPU.Build.0 = Debug|Any CPU
		{54AC8CB9-744C-4575-9C2A-498FE4FD5834}.Release|Any CPU.ActiveCfg = Release|Any CPU
		{54AC8CB9-744C-4575-9C2A-498FE4FD5834}.Release|Any CPU.Build.0 = Release|Any CPU
	EndGlobalSection
	GlobalSection(SolutionProperties) = preSolution
		HideSolutionNode = FALSE
	EndGlobalSection
	GlobalSection(ExtensibilityGlobals) = postSolution
		SolutionGuid = {7CFE1B74-5B25-467F-BBA0-BDA5FC9DF66E}
	EndGlobalSection
EndGlobal
